
Microsoft Visual Studio Solution File, Format Version 12.00
# Visual Studio 2012
Project("{FAE04EC0-301F-11D3-BF4B-00C04F79EFBC}") = "Catalogo_Consola_05-04", "Catalogo_Consola_05-04.csproj", "{F17B2917-87A1-45EE-B9D8-0424D42A3169}"
EndProject
Project("{FAE04EC0-301F-11D3-BF4B-00C04F79EFBC}") = "Catalogo_WPF_05-04", "..\Catalogo_WPF_05-04\Catalogo_WPF_05-04.csproj", "{E5834F1C-FE16-439E-84C8-13E1D01C576D}"
EndProject
Global
	GlobalSection(SolutionConfigurationPlatforms) = preSolution
		Debug|Any CPU = Debug|Any CPU
		Release|Any CPU = Release|Any CPU
	EndGlobalSection
	GlobalSection(ProjectConfigurationPlatforms) = postSolution
		{F17B2917-87A1-45EE-B9D8-0424D42A3169}.Debug|Any CPU.ActiveCfg = Debug|Any CPU
		{F17B2917-87A1-45EE-B9D8-0424D42A3169}.Debug|Any CPU.Build.0 = Debug|Any CPU
		{F17B2917-87A1-45EE-B9D8-0424D42A3169}.Release|Any CPU.ActiveCfg = Release|Any CPU
		{F17B2917-87A1-45EE-B9D8-0424D42A3169}.Release|Any CPU.Build.0 = Release|Any CPU
		{E5834F1C-FE16-439E-84C8-13E1D01C576D}.Debug|Any CPU.ActiveCfg = Debug|Any CPU
		{E5834F1C-FE16-439E-84C8-13E1D01C576D}.Debug|Any CPU.Build.0 = Debug|Any CPU
		{E5834F1C-FE16-439E-84C8-13E1D01C576D}.Release|Any CPU.ActiveCfg = Release|Any CPU
		{E5834F1C-FE16-439E-84C8-13E1D01C576D}.Release|Any CPU.Build.0 = Release|Any CPU
	EndGlobalSection
	GlobalSection(SolutionProperties) = preSolution
		HideSolutionNode = FALSE
	EndGlobalSection
EndGlobal
